
Microsoft Visual Studio Solution File, Format Version 12.00
# Visual Studio 15
VisualStudioVersion = 15.0.27703.2035
MinimumVisualStudioVersion = 10.0.40219.1
Project("{FAE04EC0-301F-11D3-BF4B-00C04F79EFBC}") = "OOPS_Concept3", "OOPS_Concept3\OOPS_Concept3.csproj", "{F0A9D1A6-ABFD-4D0B-B9F7-06BE7EDF6107}"
EndProject
Global
	GlobalSection(SolutionConfigurationPlatforms) = preSolution
		Debug|Any CPU = Debug|Any CPU
		Release|Any CPU = Release|Any CPU
	EndGlobalSection
	GlobalSection(ProjectConfigurationPlatforms) = postSolution
		{F0A9D1A6-ABFD-4D0B-B9F7-06BE7EDF6107}.Debug|Any CPU.ActiveCfg = Debug|Any CPU
		{F0A9D1A6-ABFD-4D0B-B9F7-06BE7EDF6107}.Debug|Any CPU.Build.0 = Debug|Any CPU
		{F0A9D1A6-ABFD-4D0B-B9F7-06BE7EDF6107}.Release|Any CPU.ActiveCfg = Release|Any CPU
		{F0A9D1A6-ABFD-4D0B-B9F7-06BE7EDF6107}.Release|Any CPU.Build.0 = Release|Any CPU
	EndGlobalSection
	GlobalSection(SolutionProperties) = preSolution
		HideSolutionNode = FALSE
	EndGlobalSection
	GlobalSection(ExtensibilityGlobals) = postSolution
		SolutionGuid = {0E6C12BD-D3C1-4CDC-9C78-674E141BF9D4}
	EndGlobalSection
EndGlobal
